PODS:
  - Alamofire (1.2.3)
  - Expecta (1.0.0)
  - OCMock (3.1.2)
  - OHHTTPStubs (4.0.2)
  - Specta (1.0.2)

DEPENDENCIES:
  - Alamofire (~> 1.2)
  - Expecta
  - OCMock
  - OHHTTPStubs
  - Specta

SPEC CHECKSUMS:
  Alamofire: 5550bf0b575ed1a4bf9be572f9463e1015cc169e
  Expecta: 32604574add2c46a36f8d2f716b6c5736eb75024
  OCMock: a10ea9f0a6e921651f96f78b6faee95ebc813b92
  OHHTTPStubs: dbd1957d414659783e07b49c961940b7564c23d9
  Specta: 9cec98310dca411f7c7ffd6943552b501622abfe

COCOAPODS: 0.37.1
